{
    "version": 3,
    "terraform_version": "0.11.13",
    "serial": 23,
    "lineage": "2cc47775-ae71-65bc-9970-1a9b22fa3111",
    "modules": [
        {
            "path": [
                "root"
            ],
            "outputs": {
                "alb_dns_name": {
                    "sensitive": false,
                    "type": "string",
                    "value": "endava-alb-770184577.eu-west-1.elb.amazonaws.com"
                }
            },
            "resources": {
                "aws_alb.main": {
                    "type": "aws_alb",
                    "depends_on": [],
                    "primary": {
                        "id": "arn:aws:elasticloadbalancing:eu-west-1:685125159224:loadbalancer/app/endava-alb/0470df15e6678186",
                        "attributes": {
                            "access_logs.#": "1",
                            "access_logs.0.bucket": "",
                            "access_logs.0.enabled": "false",
                            "access_logs.0.prefix": "",
                            "arn": "arn:aws:elasticloadbalancing:eu-west-1:685125159224:loadbalancer/app/endava-alb/0470df15e6678186",
                            "arn_suffix": "app/endava-alb/0470df15e6678186",
                            "dns_name": "endava-alb-770184577.eu-west-1.elb.amazonaws.com",
                            "enable_deletion_protection": "false",
                            "enable_http2": "true",
                            "id": "arn:aws:elasticloadbalancing:eu-west-1:685125159224:loadbalancer/app/endava-alb/0470df15e6678186",
                            "idle_timeout": "400",
                            "internal": "false",
                            "ip_address_type": "ipv4",
                            "load_balancer_type": "application",
                            "name": "endava-alb",
                            "security_groups.#": "1",
                            "security_groups.864563405": "sg-00388055928d84b77",
                            "subnet_mapping.#": "2",
                            "subnet_mapping.1928503636.allocation_id": "",
                            "subnet_mapping.1928503636.subnet_id": "subnet-0a549b94956eb76da",
                            "subnet_mapping.2136796798.allocation_id": "",
                            "subnet_mapping.2136796798.subnet_id": "subnet-0dd22a85b15913588",
                            "subnets.#": "2",
                            "subnets.4205617613": "subnet-0a549b94956eb76da",
                            "subnets.965326151": "subnet-0dd22a85b15913588",
                            "tags.%": "1",
                            "tags.Name": "endava_alb",
                            "vpc_id": "vpc-049cd3514170b2f37",
                            "zone_id": "Z32O12XQLNTSW2"
                        },
                        "meta": {
                            "e2bfb730-ecaa-11e6-8f88-34363bc7c4c0": {
                                "create": 600000000000,
                                "delete": 600000000000,
                                "update": 600000000000
                            }
                        },
                        "tainted": false
                    },
                    "deposed": [],
                    "provider": "provider.aws"
                },
                "aws_alb_listener.frontend_http": {
                    "type": "aws_alb_listener",
                    "depends_on": [
                        "aws_alb.main",
                        "aws_alb_target_group.webapp_tg"
                    ],
                    "primary": {
                        "id": "arn:aws:elasticloadbalancing:eu-west-1:685125159224:listener/app/endava-alb/0470df15e6678186/cfc5256d7363c3f5",
                        "attributes": {
                            "arn": "arn:aws:elasticloadbalancing:eu-west-1:685125159224:listener/app/endava-alb/0470df15e6678186/cfc5256d7363c3f5",
                            "default_action.#": "1",
                            "default_action.0.authenticate_cognito.#": "0",
                            "default_action.0.authenticate_oidc.#": "0",
                            "default_action.0.fixed_response.#": "0",
                            "default_action.0.order": "1",
                            "default_action.0.redirect.#": "0",
                            "default_action.0.target_group_arn": "arn:aws:elasticloadbalancing:eu-west-1:685125159224:targetgroup/endava-webapp-tg/872a68282575afd0",
                            "default_action.0.type": "forward",
                            "id": "arn:aws:elasticloadbalancing:eu-west-1:685125159224:listener/app/endava-alb/0470df15e6678186/cfc5256d7363c3f5",
                            "load_balancer_arn": "arn:aws:elasticloadbalancing:eu-west-1:685125159224:loadbalancer/app/endava-alb/0470df15e6678186",
                            "port": "80",
                            "protocol": "HTTP",
                            "ssl_policy": ""
                        },
                        "meta": {
                            "e2bfb730-ecaa-11e6-8f88-34363bc7c4c0": {
                                "read": 600000000000
                            }
                        },
                        "tainted": false
                    },
                    "deposed": [],
                    "provider": "provider.aws"
                },
                "aws_alb_listener.mysql": {
                    "type": "aws_alb_listener",
                    "depends_on": [
                        "aws_alb.main",
                        "aws_alb_target_group.mysql_tg"
                    ],
                    "primary": {
                        "id": "arn:aws:elasticloadbalancing:eu-west-1:685125159224:listener/app/endava-alb/0470df15e6678186/9309c02a9e5299ff",
                        "attributes": {
                            "arn": "arn:aws:elasticloadbalancing:eu-west-1:685125159224:listener/app/endava-alb/0470df15e6678186/9309c02a9e5299ff",
                            "default_action.#": "1",
                            "default_action.0.authenticate_cognito.#": "0",
                            "default_action.0.authenticate_oidc.#": "0",
                            "default_action.0.fixed_response.#": "0",
                            "default_action.0.order": "1",
                            "default_action.0.redirect.#": "0",
                            "default_action.0.target_group_arn": "arn:aws:elasticloadbalancing:eu-west-1:685125159224:targetgroup/endava-mysql-tg/ee25bb491775ace0",
                            "default_action.0.type": "forward",
                            "id": "arn:aws:elasticloadbalancing:eu-west-1:685125159224:listener/app/endava-alb/0470df15e6678186/9309c02a9e5299ff",
                            "load_balancer_arn": "arn:aws:elasticloadbalancing:eu-west-1:685125159224:loadbalancer/app/endava-alb/0470df15e6678186",
                            "port": "3306",
                            "protocol": "HTTP",
                            "ssl_policy": ""
                        },
                        "meta": {
                            "e2bfb730-ecaa-11e6-8f88-34363bc7c4c0": {
                                "read": 600000000000
                            }
                        },
                        "tainted": false
                    },
                    "deposed": [],
                    "provider": "provider.aws"
                },
                "aws_alb_target_group.mysql_tg": {
                    "type": "aws_alb_target_group",
                    "depends_on": [
                        "aws_alb.main"
                    ],
                    "primary": {
                        "id": "arn:aws:elasticloadbalancing:eu-west-1:685125159224:targetgroup/endava-mysql-tg/ee25bb491775ace0",
                        "attributes": {
                            "arn": "arn:aws:elasticloadbalancing:eu-west-1:685125159224:targetgroup/endava-mysql-tg/ee25bb491775ace0",
                            "arn_suffix": "targetgroup/endava-mysql-tg/ee25bb491775ace0",
                            "deregistration_delay": "180",
                            "health_check.#": "1",
                            "health_check.0.enabled": "true",
                            "health_check.0.healthy_threshold": "3",
                            "health_check.0.interval": "60",
                            "health_check.0.matcher": "200",
                            "health_check.0.path": "/",
                            "health_check.0.port": "3306",
                            "health_check.0.protocol": "HTTP",
                            "health_check.0.timeout": "5",
                            "health_check.0.unhealthy_threshold": "3",
                            "id": "arn:aws:elasticloadbalancing:eu-west-1:685125159224:targetgroup/endava-mysql-tg/ee25bb491775ace0",
                            "lambda_multi_value_headers_enabled": "false",
                            "name": "endava-mysql-tg",
                            "port": "80",
                            "protocol": "HTTP",
                            "proxy_protocol_v2": "false",
                            "slow_start": "0",
                            "stickiness.#": "1",
                            "stickiness.0.cookie_duration": "86400",
                            "stickiness.0.enabled": "false",
                            "stickiness.0.type": "lb_cookie",
                            "tags.%": "1",
                            "tags.Name": "endava_mysql_tg",
                            "target_type": "instance",
                            "vpc_id": "vpc-049cd3514170b2f37"
                        },
                        "meta": {},
                        "tainted": false
                    },
                    "deposed": [],
                    "provider": "provider.aws"
                },
                "aws_alb_target_group.webapp_tg": {
                    "type": "aws_alb_target_group",
                    "depends_on": [
                        "aws_alb.main"
                    ],
                    "primary": {
                        "id": "arn:aws:elasticloadbalancing:eu-west-1:685125159224:targetgroup/endava-webapp-tg/872a68282575afd0",
                        "attributes": {
                            "arn": "arn:aws:elasticloadbalancing:eu-west-1:685125159224:targetgroup/endava-webapp-tg/872a68282575afd0",
                            "arn_suffix": "targetgroup/endava-webapp-tg/872a68282575afd0",
                            "deregistration_delay": "180",
                            "health_check.#": "1",
                            "health_check.0.enabled": "true",
                            "health_check.0.healthy_threshold": "3",
                            "health_check.0.interval": "60",
                            "health_check.0.matcher": "200",
                            "health_check.0.path": "/",
                            "health_check.0.port": "80",
                            "health_check.0.protocol": "HTTP",
                            "health_check.0.timeout": "5",
                            "health_check.0.unhealthy_threshold": "3",
                            "id": "arn:aws:elasticloadbalancing:eu-west-1:685125159224:targetgroup/endava-webapp-tg/872a68282575afd0",
                            "lambda_multi_value_headers_enabled": "false",
                            "name": "endava-webapp-tg",
                            "port": "80",
                            "protocol": "HTTP",
                            "proxy_protocol_v2": "false",
                            "slow_start": "0",
                            "stickiness.#": "1",
                            "stickiness.0.cookie_duration": "86400",
                            "stickiness.0.enabled": "false",
                            "stickiness.0.type": "lb_cookie",
                            "tags.%": "1",
                            "tags.Name": "endava_webapp_tg",
                            "target_type": "instance",
                            "vpc_id": "vpc-049cd3514170b2f37"
                        },
                        "meta": {},
                        "tainted": false
                    },
                    "deposed": [],
                    "provider": "provider.aws"
                },
                "aws_autoscaling_group.mysql_on_demand": {
                    "type": "aws_autoscaling_group",
                    "depends_on": [
                        "aws_launch_configuration.mysql_on_demand"
                    ],
                    "primary": {
                        "id": "endava_mysql_on_demand",
                        "attributes": {
                            "arn": "arn:aws:autoscaling:eu-west-1:685125159224:autoScalingGroup:6286ad3b-2b8f-471a-b0d0-425438a0fb92:autoScalingGroupName/endava_mysql_on_demand",
                            "availability_zones.#": "2",
                            "availability_zones.1924028850": "eu-west-1b",
                            "availability_zones.3953592328": "eu-west-1a",
                            "default_cooldown": "300",
                            "desired_capacity": "2",
                            "enabled_metrics.#": "0",
                            "force_delete": "true",
                            "health_check_grace_period": "300",
                            "health_check_type": "EC2",
                            "id": "endava_mysql_on_demand",
                            "launch_configuration": "terraform-20190713234628935200000002",
                            "launch_template.#": "0",
                            "load_balancers.#": "0",
                            "max_size": "50",
                            "metrics_granularity": "1Minute",
                            "min_size": "0",
                            "mixed_instances_policy.#": "0",
                            "name": "endava_mysql_on_demand",
                            "placement_group": "",
                            "protect_from_scale_in": "false",
                            "service_linked_role_arn": "arn:aws:iam::685125159224:role/aws-service-role/autoscaling.amazonaws.com/AWSServiceRoleForAutoScaling",
                            "suspended_processes.#": "0",
                            "tag.#": "1",
                            "tag.84263104.key": "Name",
                            "tag.84263104.propagate_at_launch": "true",
                            "tag.84263104.value": "endava-mysql-on-demand",
                            "target_group_arns.#": "0",
                            "termination_policies.#": "0",
                            "vpc_zone_identifier.#": "2",
                            "vpc_zone_identifier.187211517": "subnet-042cc9d8c584e3fd5",
                            "vpc_zone_identifier.2654539287": "subnet-0188c4995ab10415c",
                            "wait_for_capacity_timeout": "10m"
                        },
                        "meta": {
                            "e2bfb730-ecaa-11e6-8f88-34363bc7c4c0": {
                                "delete": 600000000000
                            }
                        },
                        "tainted": false
                    },
                    "deposed": [],
                    "provider": "provider.aws"
                },
                "aws_autoscaling_group.webapp_on_demand": {
                    "type": "aws_autoscaling_group",
                    "depends_on": [
                        "aws_launch_configuration.webapp_on_demand"
                    ],
                    "primary": {
                        "id": "endava_webapp_on_demand",
                        "attributes": {
                            "arn": "arn:aws:autoscaling:eu-west-1:685125159224:autoScalingGroup:2f2b3d0e-30b7-4bd8-ada7-95bc7b8889d9:autoScalingGroupName/endava_webapp_on_demand",
                            "availability_zones.#": "2",
                            "availability_zones.1924028850": "eu-west-1b",
                            "availability_zones.3953592328": "eu-west-1a",
                            "default_cooldown": "300",
                            "desired_capacity": "2",
                            "enabled_metrics.#": "0",
                            "force_delete": "true",
                            "health_check_grace_period": "300",
                            "health_check_type": "EC2",
                            "id": "endava_webapp_on_demand",
                            "launch_configuration": "terraform-20190713234628926300000001",
                            "launch_template.#": "0",
                            "load_balancers.#": "0",
                            "max_size": "50",
                            "metrics_granularity": "1Minute",
                            "min_size": "0",
                            "mixed_instances_policy.#": "0",
                            "name": "endava_webapp_on_demand",
                            "placement_group": "",
                            "protect_from_scale_in": "false",
                            "service_linked_role_arn": "arn:aws:iam::685125159224:role/aws-service-role/autoscaling.amazonaws.com/AWSServiceRoleForAutoScaling",
                            "suspended_processes.#": "0",
                            "tag.#": "1",
                            "tag.476185308.key": "Name",
                            "tag.476185308.propagate_at_launch": "true",
                            "tag.476185308.value": "endava-webapp-on-demand",
                            "target_group_arns.#": "0",
                            "termination_policies.#": "0",
                            "vpc_zone_identifier.#": "2",
                            "vpc_zone_identifier.4205617613": "subnet-0a549b94956eb76da",
                            "vpc_zone_identifier.965326151": "subnet-0dd22a85b15913588",
                            "wait_for_capacity_timeout": "10m"
                        },
                        "meta": {
                            "e2bfb730-ecaa-11e6-8f88-34363bc7c4c0": {
                                "delete": 600000000000
                            }
                        },
                        "tainted": false
                    },
                    "deposed": [],
                    "provider": "provider.aws"
                },
                "aws_ecs_cluster.cluster": {
                    "type": "aws_ecs_cluster",
                    "depends_on": [],
                    "primary": {
                        "id": "arn:aws:ecs:eu-west-1:685125159224:cluster/endava_cluster",
                        "attributes": {
                            "arn": "arn:aws:ecs:eu-west-1:685125159224:cluster/endava_cluster",
                            "id": "arn:aws:ecs:eu-west-1:685125159224:cluster/endava_cluster",
                            "name": "endava_cluster",
                            "tags.%": "0"
                        },
                        "meta": {},
                        "tainted": false
                    },
                    "deposed": [],
                    "provider": "provider.aws"
                },
                "aws_ecs_service.mysql_service": {
                    "type": "aws_ecs_service",
                    "depends_on": [
                        "aws_alb_target_group.mysql_tg",
                        "aws_ecs_cluster.cluster",
                        "aws_ecs_task_definition.mysql_definition"
                    ],
                    "primary": {
                        "id": "arn:aws:ecs:eu-west-1:685125159224:service/endava_mysql_service",
                        "attributes": {
                            "cluster": "arn:aws:ecs:eu-west-1:685125159224:cluster/endava_cluster",
                            "deployment_controller.#": "1",
                            "deployment_controller.0.type": "ECS",
                            "deployment_maximum_percent": "200",
                            "deployment_minimum_healthy_percent": "50",
                            "desired_count": "2",
                            "enable_ecs_managed_tags": "false",
                            "health_check_grace_period_seconds": "0",
                            "iam_role": "endava_ecs_service_role",
                            "id": "arn:aws:ecs:eu-west-1:685125159224:service/endava_mysql_service",
                            "launch_type": "EC2",
                            "load_balancer.#": "1",
                            "load_balancer.128644041.container_name": "mysql",
                            "load_balancer.128644041.container_port": "3306",
                            "load_balancer.128644041.elb_name": "",
                            "load_balancer.128644041.target_group_arn": "arn:aws:elasticloadbalancing:eu-west-1:685125159224:targetgroup/endava-mysql-tg/ee25bb491775ace0",
                            "name": "endava_mysql_service",
                            "network_configuration.#": "0",
                            "ordered_placement_strategy.#": "0",
                            "placement_constraints.#": "0",
                            "placement_strategy.#": "0",
                            "platform_version": "",
                            "propagate_tags": "NONE",
                            "scheduling_strategy": "REPLICA",
                            "service_registries.#": "0",
                            "tags.%": "0",
                            "task_definition": "arn:aws:ecs:eu-west-1:685125159224:task-definition/endava_mysql:4"
                        },
                        "meta": {},
                        "tainted": false
                    },
                    "deposed": [],
                    "provider": "provider.aws"
                },
                "aws_ecs_service.webapp_service": {
                    "type": "aws_ecs_service",
                    "depends_on": [
                        "aws_alb_target_group.webapp_tg",
                        "aws_ecs_cluster.cluster",
                        "aws_ecs_task_definition.webapp_definition"
                    ],
                    "primary": {
                        "id": "arn:aws:ecs:eu-west-1:685125159224:service/endava_webapp_service",
                        "attributes": {
                            "cluster": "arn:aws:ecs:eu-west-1:685125159224:cluster/endava_cluster",
                            "deployment_controller.#": "1",
                            "deployment_controller.0.type": "ECS",
                            "deployment_maximum_percent": "200",
                            "deployment_minimum_healthy_percent": "50",
                            "desired_count": "2",
                            "enable_ecs_managed_tags": "false",
                            "health_check_grace_period_seconds": "0",
                            "iam_role": "endava_ecs_service_role",
                            "id": "arn:aws:ecs:eu-west-1:685125159224:service/endava_webapp_service",
                            "launch_type": "EC2",
                            "load_balancer.#": "1",
                            "load_balancer.531984137.container_name": "webapp",
                            "load_balancer.531984137.container_port": "80",
                            "load_balancer.531984137.elb_name": "",
                            "load_balancer.531984137.target_group_arn": "arn:aws:elasticloadbalancing:eu-west-1:685125159224:targetgroup/endava-webapp-tg/872a68282575afd0",
                            "name": "endava_webapp_service",
                            "network_configuration.#": "0",
                            "ordered_placement_strategy.#": "0",
                            "placement_constraints.#": "0",
                            "placement_strategy.#": "0",
                            "platform_version": "",
                            "propagate_tags": "NONE",
                            "scheduling_strategy": "REPLICA",
                            "service_registries.#": "0",
                            "tags.%": "0",
                            "task_definition": "arn:aws:ecs:eu-west-1:685125159224:task-definition/endava_webapp:15"
                        },
                        "meta": {},
                        "tainted": false
                    },
                    "deposed": [],
                    "provider": "provider.aws"
                },
                "aws_ecs_task_definition.mysql_definition": {
                    "type": "aws_ecs_task_definition",
                    "depends_on": [
                        "data.template_file.task_mysql"
                    ],
                    "primary": {
                        "id": "endava_mysql",
                        "attributes": {
                            "arn": "arn:aws:ecs:eu-west-1:685125159224:task-definition/endava_mysql:4",
                            "container_definitions": "[{\"command\":[],\"cpu\":256,\"entryPoint\":[],\"environment\":[],\"essential\":true,\"image\":\"mysql:latest\",\"links\":[],\"memory\":256,\"mountPoints\":[],\"name\":\"mysql\",\"portMappings\":[{\"containerPort\":3306,\"hostPort\":3306,\"protocol\":\"tcp\"}],\"volumesFrom\":[]}]",
                            "cpu": "",
                            "execution_role_arn": "",
                            "family": "endava_mysql",
                            "id": "endava_mysql",
                            "memory": "",
                            "network_mode": "",
                            "placement_constraints.#": "0",
                            "proxy_configuration.#": "0",
                            "requires_compatibilities.#": "0",
                            "revision": "4",
                            "tags.%": "0",
                            "task_role_arn": "",
                            "volume.#": "0"
                        },
                        "meta": {
                            "schema_version": "1"
                        },
                        "tainted": false
                    },
                    "deposed": [],
                    "provider": "provider.aws"
                },
                "aws_ecs_task_definition.webapp_definition": {
                    "type": "aws_ecs_task_definition",
                    "depends_on": [
                        "data.template_file.task_webapp"
                    ],
                    "primary": {
                        "id": "endava_webapp",
                        "attributes": {
                            "arn": "arn:aws:ecs:eu-west-1:685125159224:task-definition/endava_webapp:15",
                            "container_definitions": "[{\"command\":[],\"cpu\":256,\"entryPoint\":[],\"environment\":[],\"essential\":true,\"image\":\"phpmyadmin/phpmyadmin:latest\",\"links\":[],\"memory\":256,\"mountPoints\":[],\"name\":\"webapp\",\"portMappings\":[{\"containerPort\":80,\"hostPort\":80,\"protocol\":\"tcp\"}],\"volumesFrom\":[]}]",
                            "cpu": "",
                            "execution_role_arn": "",
                            "family": "endava_webapp",
                            "id": "endava_webapp",
                            "memory": "",
                            "network_mode": "",
                            "placement_constraints.#": "0",
                            "proxy_configuration.#": "0",
                            "requires_compatibilities.#": "0",
                            "revision": "15",
                            "tags.%": "0",
                            "task_role_arn": "",
                            "volume.#": "0"
                        },
                        "meta": {
                            "schema_version": "1"
                        },
                        "tainted": false
                    },
                    "deposed": [],
                    "provider": "provider.aws"
                },
                "aws_launch_configuration.mysql_on_demand": {
                    "type": "aws_launch_configuration",
                    "depends_on": [
                        "data.template_file.autoscaling_user_data"
                    ],
                    "primary": {
                        "id": "terraform-20190713234628935200000002",
                        "attributes": {
                            "associate_public_ip_address": "true",
                            "ebs_block_device.#": "0",
                            "ebs_optimized": "false",
                            "enable_monitoring": "true",
                            "ephemeral_block_device.#": "0",
                            "iam_instance_profile": "arn:aws:iam::685125159224:instance-profile/endava_ecs_instance_profile",
                            "id": "terraform-20190713234628935200000002",
                            "image_id": "ami-0693ed7f",
                            "instance_type": "t2.micro",
                            "key_name": "key-name",
                            "name": "terraform-20190713234628935200000002",
                            "root_block_device.#": "0",
                            "security_groups.#": "1",
                            "security_groups.1291735508": "sg-090b3e93cc12690e4",
                            "spot_price": "",
                            "user_data": "e7ff57507997235241ea25a55070e0a31fa6f671",
                            "vpc_classic_link_id": "",
                            "vpc_classic_link_security_groups.#": "0"
                        },
                        "meta": {},
                        "tainted": false
                    },
                    "deposed": [],
                    "provider": "provider.aws"
                },
                "aws_launch_configuration.webapp_on_demand": {
                    "type": "aws_launch_configuration",
                    "depends_on": [
                        "data.template_file.autoscaling_user_data"
                    ],
                    "primary": {
                        "id": "terraform-20190713234628926300000001",
                        "attributes": {
                            "associate_public_ip_address": "true",
                            "ebs_block_device.#": "0",
                            "ebs_optimized": "false",
                            "enable_monitoring": "true",
                            "ephemeral_block_device.#": "0",
                            "iam_instance_profile": "arn:aws:iam::685125159224:instance-profile/endava_ecs_instance_profile",
                            "id": "terraform-20190713234628926300000001",
                            "image_id": "ami-0693ed7f",
                            "instance_type": "t2.micro",
                            "key_name": "key-name",
                            "name": "terraform-20190713234628926300000001",
                            "root_block_device.#": "0",
                            "security_groups.#": "1",
                            "security_groups.3758511612": "sg-066b20e28cb4a5177",
                            "spot_price": "",
                            "user_data": "e7ff57507997235241ea25a55070e0a31fa6f671",
                            "vpc_classic_link_id": "",
                            "vpc_classic_link_security_groups.#": "0"
                        },
                        "meta": {},
                        "tainted": false
                    },
                    "deposed": [],
                    "provider": "provider.aws"
                },
                "data.template_file.autoscaling_user_data": {
                    "type": "template_file",
                    "depends_on": [
                        "aws_ecs_cluster.cluster"
                    ],
                    "primary": {
                        "id": "32235e7d34449d4ad0a4295a8b2e23b61a5f29c996d46d3774a31ad67afbd92b",
                        "attributes": {
                            "id": "32235e7d34449d4ad0a4295a8b2e23b61a5f29c996d46d3774a31ad67afbd92b",
                            "rendered": "#!/bin/bash\nset -x\nset -e\n\n# Update instance\nyum update -y\n\n# Add all things that you want to do here (logging, monitoring, credential from S3, etc)\n\n# Join ECS cluster\necho 'ECS_CLUSTER=endava_cluster' \u003e /etc/ecs/ecs.config\nstart ecs\n",
                            "template": "#!/bin/bash\nset -x\nset -e\n\n# Update instance\nyum update -y\n\n# Add all things that you want to do here (logging, monitoring, credential from S3, etc)\n\n# Join ECS cluster\necho 'ECS_CLUSTER=${ecs_cluster}' \u003e /etc/ecs/ecs.config\nstart ecs\n",
                            "vars.%": "1",
                            "vars.ecs_cluster": "endava_cluster"
                        },
                        "meta": {},
                        "tainted": false
                    },
                    "deposed": [],
                    "provider": "provider.template"
                },
                "data.template_file.task_mysql": {
                    "type": "template_file",
                    "depends_on": [],
                    "primary": {
                        "id": "ac0c5ae76b7c3bfd16d2b906083c6e04fbc37f38bb3a5953c6d1e32f6012b692",
                        "attributes": {
                            "id": "ac0c5ae76b7c3bfd16d2b906083c6e04fbc37f38bb3a5953c6d1e32f6012b692",
                            "rendered": "[\n  {\n    \"name\": \"mysql\",\n    \"image\": \"mysql:latest\",\n    \"cpu\": 256,\n    \"memory\": 256,\n    \"essential\": true,\n    \"portMappings\": [\n      {\n        \"containerPort\": 3306,\n        \"hostPort\": 3306\n      }\n    ],\n    \"command\": [],\n    \"entryPoint\": [],\n    \"links\": [],\n    \"mountPoints\": [],\n    \"volumesFrom\": []\n  }\n]\n",
                            "template": "[\n  {\n    \"name\": \"mysql\",\n    \"image\": \"${mysql_docker_image}\",\n    \"cpu\": 256,\n    \"memory\": 256,\n    \"essential\": true,\n    \"portMappings\": [\n      {\n        \"containerPort\": 3306,\n        \"hostPort\": 3306\n      }\n    ],\n    \"command\": [],\n    \"entryPoint\": [],\n    \"links\": [],\n    \"mountPoints\": [],\n    \"volumesFrom\": []\n  }\n]\n",
                            "vars.%": "1",
                            "vars.mysql_docker_image": "mysql:latest"
                        },
                        "meta": {},
                        "tainted": false
                    },
                    "deposed": [],
                    "provider": "provider.template"
                },
                "data.template_file.task_webapp": {
                    "type": "template_file",
                    "depends_on": [],
                    "primary": {
                        "id": "8fb51a935589d8c81907e83f89d44d3d9010961e2d67da30a784a5ead1eb77bc",
                        "attributes": {
                            "id": "8fb51a935589d8c81907e83f89d44d3d9010961e2d67da30a784a5ead1eb77bc",
                            "rendered": "[\n  {\n    \"name\": \"webapp\",\n    \"image\": \"phpmyadmin/phpmyadmin:latest\",\n    \"cpu\": 256,\n    \"memory\": 256,\n    \"essential\": true,\n    \"portMappings\": [\n      {\n        \"containerPort\": 80,\n        \"hostPort\": 80\n      }\n    ],\n    \"command\": [],\n    \"entryPoint\": [],\n    \"links\": [],\n    \"mountPoints\": [],\n    \"volumesFrom\": []\n  }\n]\n",
                            "template": "[\n  {\n    \"name\": \"webapp\",\n    \"image\": \"${webapp_docker_image}\",\n    \"cpu\": 256,\n    \"memory\": 256,\n    \"essential\": true,\n    \"portMappings\": [\n      {\n        \"containerPort\": 80,\n        \"hostPort\": 80\n      }\n    ],\n    \"command\": [],\n    \"entryPoint\": [],\n    \"links\": [],\n    \"mountPoints\": [],\n    \"volumesFrom\": []\n  }\n]\n",
                            "vars.%": "1",
                            "vars.webapp_docker_image": "phpmyadmin/phpmyadmin:latest"
                        },
                        "meta": {},
                        "tainted": false
                    },
                    "deposed": [],
                    "provider": "provider.template"
                }
            },
            "depends_on": []
        }
    ]
}
